
Microsoft Visual Studio Solution File, Format Version 12.00
# Visual Studio Version 17
VisualStudioVersion = 17.13.35825.156
MinimumVisualStudioVersion = 10.0.40219.1
Project("{FAE04EC0-301F-11D3-BF4B-00C04F79EFBC}") = "PokemonAPI", "PokemonAPI\PokemonAPI.csproj", "{65EA7D57-23E3-4CA5-AF3F-545895C96EBB}"
EndProject
Project("{FAE04EC0-301F-11D3-BF4B-00C04F79EFBC}") = "PokeAPITest", "PokeAPITest\PokeAPITest.csproj", "{DD408F5E-65C7-4CA0-B8CE-7880EBF17079}"
EndProject
Global
	GlobalSection(SolutionConfigurationPlatforms) = preSolution
		Debug|Any CPU = Debug|Any CPU
		Release|Any CPU = Release|Any CPU
	EndGlobalSection
	GlobalSection(ProjectConfigurationPlatforms) = postSolution
		{65EA7D57-23E3-4CA5-AF3F-545895C96EBB}.Debug|Any CPU.ActiveCfg = Debug|Any CPU
		{65EA7D57-23E3-4CA5-AF3F-545895C96EBB}.Debug|Any CPU.Build.0 = Debug|Any CPU
		{65EA7D57-23E3-4CA5-AF3F-545895C96EBB}.Release|Any CPU.ActiveCfg = Release|Any CPU
		{65EA7D57-23E3-4CA5-AF3F-545895C96EBB}.Release|Any CPU.Build.0 = Release|Any CPU
		{DD408F5E-65C7-4CA0-B8CE-7880EBF17079}.Debug|Any CPU.ActiveCfg = Debug|Any CPU
		{DD408F5E-65C7-4CA0-B8CE-7880EBF17079}.Debug|Any CPU.Build.0 = Debug|Any CPU
		{DD408F5E-65C7-4CA0-B8CE-7880EBF17079}.Release|Any CPU.ActiveCfg = Release|Any CPU
		{DD408F5E-65C7-4CA0-B8CE-7880EBF17079}.Release|Any CPU.Build.0 = Release|Any CPU
	EndGlobalSection
	GlobalSection(SolutionProperties) = preSolution
		HideSolutionNode = FALSE
	EndGlobalSection
	GlobalSection(ExtensibilityGlobals) = postSolution
		SolutionGuid = {7FFEEBB5-6E90-4BD6-8979-96D705FC43D8}
	EndGlobalSection
EndGlobal
